
Microsoft Visual Studio Solution File, Format Version 12.00
# Visual Studio Version 16
VisualStudioVersion = 16.0.30611.23
MinimumVisualStudioVersion = 10.0.40219.1
Project("{FAE04EC0-301F-11D3-BF4B-00C04F79EFBC}") = "WikiSnips", "WikiSnips\WikiSnips.csproj", "{4ECF6C88-31F7-4442-A235-86D8A2A7C4A3}"
EndProject
Global
	GlobalSection(SolutionConfigurationPlatforms) = preSolution
		Debug|Any CPU = Debug|Any CPU
		Release|Any CPU = Release|Any CPU
	EndGlobalSection
	GlobalSection(ProjectConfigurationPlatforms) = postSolution
		{4ECF6C88-31F7-4442-A235-86D8A2A7C4A3}.Debug|Any CPU.ActiveCfg = Debug|Any CPU
		{4ECF6C88-31F7-4442-A235-86D8A2A7C4A3}.Debug|Any CPU.Build.0 = Debug|Any CPU
		{4ECF6C88-31F7-4442-A235-86D8A2A7C4A3}.Release|Any CPU.ActiveCfg = Release|Any CPU
		{4ECF6C88-31F7-4442-A235-86D8A2A7C4A3}.Release|Any CPU.Build.0 = Release|Any CPU
	EndGlobalSection
	GlobalSection(SolutionProperties) = preSolution
		HideSolutionNode = FALSE
	EndGlobalSection
	GlobalSection(ExtensibilityGlobals) = postSolution
		SolutionGuid = {9E445324-E1EE-46E3-821F-ECE3BC129E23}
	EndGlobalSection
EndGlobal
